
Microsoft Visual Studio Solution File, Format Version 12.00
# Visual Studio Version 17
VisualStudioVersion = 17.11.35219.272
MinimumVisualStudioVersion = 10.0.40219.1
Project("{FAE04EC0-301F-11D3-BF4B-00C04F79EFBC}") = "LMSGateway", "LMSGateway.csproj", "{9EEB69B1-0E71-4B42-AE70-10EB5756824C}"
EndProject
Project("{FAE04EC0-301F-11D3-BF4B-00C04F79EFBC}") = "AuthService", "..\AuthService\AuthService.csproj", "{8F2BA153-B966-4C4E-BDB7-2228A0554955}"
EndProject
Project("{FAE04EC0-301F-11D3-BF4B-00C04F79EFBC}") = "ADMIN_controller", "..\ADMIN_controller\ADMIN_controller.csproj", "{88F634B3-C91A-4D87-ABAE-36596767508F}"
EndProject
Global
	GlobalSection(SolutionConfigurationPlatforms) = preSolution
		Debug|Any CPU = Debug|Any CPU
		Release|Any CPU = Release|Any CPU
	EndGlobalSection
	GlobalSection(ProjectConfigurationPlatforms) = postSolution
		{9EEB69B1-0E71-4B42-AE70-10EB5756824C}.Debug|Any CPU.ActiveCfg = Debug|Any CPU
		{9EEB69B1-0E71-4B42-AE70-10EB5756824C}.Debug|Any CPU.Build.0 = Debug|Any CPU
		{9EEB69B1-0E71-4B42-AE70-10EB5756824C}.Release|Any CPU.ActiveCfg = Release|Any CPU
		{9EEB69B1-0E71-4B42-AE70-10EB5756824C}.Release|Any CPU.Build.0 = Release|Any CPU
		{8F2BA153-B966-4C4E-BDB7-2228A0554955}.Debug|Any CPU.ActiveCfg = Debug|Any CPU
		{8F2BA153-B966-4C4E-BDB7-2228A0554955}.Debug|Any CPU.Build.0 = Debug|Any CPU
		{8F2BA153-B966-4C4E-BDB7-2228A0554955}.Release|Any CPU.ActiveCfg = Release|Any CPU
		{8F2BA153-B966-4C4E-BDB7-2228A0554955}.Release|Any CPU.Build.0 = Release|Any CPU
		{88F634B3-C91A-4D87-ABAE-36596767508F}.Debug|Any CPU.ActiveCfg = Debug|Any CPU
		{88F634B3-C91A-4D87-ABAE-36596767508F}.Debug|Any CPU.Build.0 = Debug|Any CPU
		{88F634B3-C91A-4D87-ABAE-36596767508F}.Release|Any CPU.ActiveCfg = Release|Any CPU
		{88F634B3-C91A-4D87-ABAE-36596767508F}.Release|Any CPU.Build.0 = Release|Any CPU
	EndGlobalSection
	GlobalSection(SolutionProperties) = preSolution
		HideSolutionNode = FALSE
	EndGlobalSection
	GlobalSection(ExtensibilityGlobals) = postSolution
		SolutionGuid = {D6D53740-A969-4B9B-9EC0-8059C62F67E1}
	EndGlobalSection
EndGlobal
